
Microsoft Visual Studio Solution File, Format Version 12.00
# Visual Studio Version 17
VisualStudioVersion = 17.10.34928.147
MinimumVisualStudioVersion = 10.0.40219.1
Project("{FAE04EC0-301F-11D3-BF4B-00C04F79EFBC}") = "TaskManager.Api", "TaskManager\TaskManager.Api.csproj", "{B8ADF23E-1983-474D-ABA4-CB24E8229B23}"
EndProject
Project("{FAE04EC0-301F-11D3-BF4B-00C04F79EFBC}") = "TaskManager.Application", "TaskManager.Application\TaskManager.Application.csproj", "{A64AE799-D4EC-4F89-BB07-62EF502E1900}"
EndProject
Project("{FAE04EC0-301F-11D3-BF4B-00C04F79EFBC}") = "TaskManager.Domain", "TaskManager.Domain\TaskManager.Domain.csproj", "{74E4773A-EB45-4F4E-8A32-C20B1A32F1AC}"
EndProject
Project("{FAE04EC0-301F-11D3-BF4B-00C04F79EFBC}") = "TaskManager.Infraestructure", "TaskManager.Infraestructure\TaskManager.Infraestructure.csproj", "{E512A65E-1520-4F32-BB74-20E158A853BD}"
EndProject
Global
	GlobalSection(SolutionConfigurationPlatforms) = preSolution
		Debug|Any CPU = Debug|Any CPU
		Release|Any CPU = Release|Any CPU
	EndGlobalSection
	GlobalSection(ProjectConfigurationPlatforms) = postSolution
		{B8ADF23E-1983-474D-ABA4-CB24E8229B23}.Debug|Any CPU.ActiveCfg = Debug|Any CPU
		{B8ADF23E-1983-474D-ABA4-CB24E8229B23}.Debug|Any CPU.Build.0 = Debug|Any CPU
		{B8ADF23E-1983-474D-ABA4-CB24E8229B23}.Release|Any CPU.ActiveCfg = Release|Any CPU
		{B8ADF23E-1983-474D-ABA4-CB24E8229B23}.Release|Any CPU.Build.0 = Release|Any CPU
		{A64AE799-D4EC-4F89-BB07-62EF502E1900}.Debug|Any CPU.ActiveCfg = Debug|Any CPU
		{A64AE799-D4EC-4F89-BB07-62EF502E1900}.Debug|Any CPU.Build.0 = Debug|Any CPU
		{A64AE799-D4EC-4F89-BB07-62EF502E1900}.Release|Any CPU.ActiveCfg = Release|Any CPU
		{A64AE799-D4EC-4F89-BB07-62EF502E1900}.Release|Any CPU.Build.0 = Release|Any CPU
		{74E4773A-EB45-4F4E-8A32-C20B1A32F1AC}.Debug|Any CPU.ActiveCfg = Debug|Any CPU
		{74E4773A-EB45-4F4E-8A32-C20B1A32F1AC}.Debug|Any CPU.Build.0 = Debug|Any CPU
		{74E4773A-EB45-4F4E-8A32-C20B1A32F1AC}.Release|Any CPU.ActiveCfg = Release|Any CPU
		{74E4773A-EB45-4F4E-8A32-C20B1A32F1AC}.Release|Any CPU.Build.0 = Release|Any CPU
		{E512A65E-1520-4F32-BB74-20E158A853BD}.Debug|Any CPU.ActiveCfg = Debug|Any CPU
		{E512A65E-1520-4F32-BB74-20E158A853BD}.Debug|Any CPU.Build.0 = Debug|Any CPU
		{E512A65E-1520-4F32-BB74-20E158A853BD}.Release|Any CPU.ActiveCfg = Release|Any CPU
		{E512A65E-1520-4F32-BB74-20E158A853BD}.Release|Any CPU.Build.0 = Release|Any CPU
	EndGlobalSection
	GlobalSection(SolutionProperties) = preSolution
		HideSolutionNode = FALSE
	EndGlobalSection
	GlobalSection(ExtensibilityGlobals) = postSolution
		SolutionGuid = {C71A9689-5275-4C21-9788-9AB0E49504CD}
	EndGlobalSection
EndGlobal
